
Microsoft Visual Studio Solution File, Format Version 12.00
# Visual Studio Version 17
VisualStudioVersion = 17.4.33213.308
MinimumVisualStudioVersion = 10.0.40219.1
Project("{FAE04EC0-301F-11D3-BF4B-00C04F79EFBC}") = "AkelonTask3", "AkelonTask3.csproj", "{54E6D5EE-10B2-41F4-8F3B-C89A1BBAB3B8}"
EndProject
Global
	GlobalSection(SolutionConfigurationPlatforms) = preSolution
		Debug|Any CPU = Debug|Any CPU
		Release|Any CPU = Release|Any CPU
	EndGlobalSection
	GlobalSection(ProjectConfigurationPlatforms) = postSolution
		{54E6D5EE-10B2-41F4-8F3B-C89A1BBAB3B8}.Debug|Any CPU.ActiveCfg = Debug|Any CPU
		{54E6D5EE-10B2-41F4-8F3B-C89A1BBAB3B8}.Debug|Any CPU.Build.0 = Debug|Any CPU
		{54E6D5EE-10B2-41F4-8F3B-C89A1BBAB3B8}.Release|Any CPU.ActiveCfg = Release|Any CPU
		{54E6D5EE-10B2-41F4-8F3B-C89A1BBAB3B8}.Release|Any CPU.Build.0 = Release|Any CPU
	EndGlobalSection
	GlobalSection(SolutionProperties) = preSolution
		HideSolutionNode = FALSE
	EndGlobalSection
	GlobalSection(ExtensibilityGlobals) = postSolution
		SolutionGuid = {02D797BD-1A67-4BE1-A55E-DB732E9364B2}
	EndGlobalSection
EndGlobal
